# This file is automatically @generated by Wally.
# It is not intended for manual editing.
registry = "test"

[[package]]
name = "alicesaidhi/jabby"
version = "0.4.0-test.0"
dependencies = [["jabby_core", "alicesaidhi/jabby-core@0.1.0-test.0"], ["jabby_ecs_registry_jecs", "alicesaidhi/jabby-ecs-registry-jecs@0.1.0-test.0"], ["jabby_home", "alicesaidhi/jabby-home@0.1.0-test.0"], ["jabby_net", "alicesaidhi/jabby-net@0.1.0-test.0"]]

[[package]]
name = "alicesaidhi/jabby-core"
version = "0.1.0-test.0"
dependencies = [["jabby_types", "alicesaidhi/jabby-types@0.1.0-test.0"]]

[[package]]
name = "alicesaidhi/jabby-ecs-registry"
version = "0.1.0-test.0"
dependencies = [["gt", "corecii/greentea@0.4.11"], ["jabby_core", "alicesaidhi/jabby-core@0.1.0-test.0"], ["jabby_net", "alicesaidhi/jabby-net@0.1.0-test.0"], ["jabby_query_parser", "alicesaidhi/jabby-query-parser@0.1.0-test.0"], ["jabby_types", "alicesaidhi/jabby-types@0.1.0-test.0"], ["jabby_ui", "alicesaidhi/jabby-ui@0.1.0-test.0"], ["jabby_util", "alicesaidhi/jabby-util@0.1.0-test.0"], ["vide", "centau/vide@0.3.1"]]

[[package]]
name = "alicesaidhi/jabby-ecs-registry-jecs"
version = "0.1.0-test.0"
dependencies = [["gt", "corecii/greentea@0.4.11"], ["jabby_core", "alicesaidhi/jabby-core@0.1.0-test.0"], ["jabby_ecs_registry", "alicesaidhi/jabby-ecs-registry@0.1.0-test.0"], ["jabby_home", "alicesaidhi/jabby-home@0.1.0-test.0"], ["jabby_query_parser", "alicesaidhi/jabby-query-parser@0.1.0-test.0"], ["jabby_types", "alicesaidhi/jabby-types@0.1.0-test.0"], ["jabby_ui", "alicesaidhi/jabby-ui@0.1.0-test.0"], ["jabby_util", "alicesaidhi/jabby-util@0.1.0-test.0"], ["jecs", "ukendio/jecs@0.7.3"], ["lua_preview_notation", "alicesaidhi/lua-preview-notation@0.1.0-test.0"], ["vide", "centau/vide@0.3.1"]]

[[package]]
name = "alicesaidhi/jabby-home"
version = "0.1.0-test.0"
dependencies = [["gt", "corecii/greentea@0.4.11"], ["jabby_core", "alicesaidhi/jabby-core@0.1.0-test.0"], ["jabby_net", "alicesaidhi/jabby-net@0.1.0-test.0"], ["jabby_types", "alicesaidhi/jabby-types@0.1.0-test.0"], ["jabby_ui", "alicesaidhi/jabby-ui@0.1.0-test.0"], ["jabby_util", "alicesaidhi/jabby-util@0.1.0-test.0"], ["vide", "centau/vide@0.3.1"]]

[[package]]
name = "alicesaidhi/jabby-net"
version = "0.1.0-test.0"
dependencies = [["gt", "corecii/greentea@0.4.11"], ["jabby_types", "alicesaidhi/jabby-types@0.1.0-test.0"], ["jabby_util", "alicesaidhi/jabby-util@0.1.0-test.0"]]

[[package]]
name = "alicesaidhi/jabby-query-parser"
version = "0.1.0-test.0"
dependencies = []

[[package]]
name = "alicesaidhi/jabby-types"
version = "0.1.0-test.0"
dependencies = []

[[package]]
name = "alicesaidhi/jabby-ui"
version = "0.1.0-test.0"
dependencies = [["vide", "centau/vide@0.3.1"]]

[[package]]
name = "alicesaidhi/jabby-util"
version = "0.1.0-test.0"
dependencies = []

[[package]]
name = "alicesaidhi/lua-preview-notation"
version = "0.1.0-test.0"
dependencies = []

[[package]]
name = "centau/vide"
version = "0.3.1"
dependencies = []

[[package]]
name = "corecii/greentea"
version = "0.4.11"
dependencies = []

[[package]]
name = "fall/dumb-project"
version = "0.1.0"
dependencies = [["jabby", "alicesaidhi/jabby@0.4.0-test.0"]]

[[package]]
name = "ukendio/jecs"
version = "0.7.3"
dependencies = []
